
Microsoft Visual Studio Solution File, Format Version 12.00
# Visual Studio Version 17
VisualStudioVersion = 17.1.32210.238
MinimumVisualStudioVersion = 10.0.40219.1
Project("{9A19103F-16F7-4668-BE54-9A1E7A4F7556}") = "Domain", "Domain\Domain.csproj", "{C2D9FA9C-D4F7-4E08-A9D7-251411B6BA68}"
EndProject
Project("{9A19103F-16F7-4668-BE54-9A1E7A4F7556}") = "Infra", "Infra\Infra.csproj", "{B82F05AB-6AF2-495C-A906-8B13A5A4DFB2}"
EndProject
Project("{FAE04EC0-301F-11D3-BF4B-00C04F79EFBC}") = "WorkerService", "WorkerService\WorkerService.csproj", "{075D8AF7-34C5-4E78-8D7D-865A895104B7}"
EndProject
Global
	GlobalSection(SolutionConfigurationPlatforms) = preSolution
		Debug|Any CPU = Debug|Any CPU
		Release|Any CPU = Release|Any CPU
	EndGlobalSection
	GlobalSection(ProjectConfigurationPlatforms) = postSolution
		{C2D9FA9C-D4F7-4E08-A9D7-251411B6BA68}.Debug|Any CPU.ActiveCfg = Debug|Any CPU
		{C2D9FA9C-D4F7-4E08-A9D7-251411B6BA68}.Debug|Any CPU.Build.0 = Debug|Any CPU
		{C2D9FA9C-D4F7-4E08-A9D7-251411B6BA68}.Release|Any CPU.ActiveCfg = Release|Any CPU
		{C2D9FA9C-D4F7-4E08-A9D7-251411B6BA68}.Release|Any CPU.Build.0 = Release|Any CPU
		{B82F05AB-6AF2-495C-A906-8B13A5A4DFB2}.Debug|Any CPU.ActiveCfg = Debug|Any CPU
		{B82F05AB-6AF2-495C-A906-8B13A5A4DFB2}.Debug|Any CPU.Build.0 = Debug|Any CPU
		{B82F05AB-6AF2-495C-A906-8B13A5A4DFB2}.Release|Any CPU.ActiveCfg = Release|Any CPU
		{B82F05AB-6AF2-495C-A906-8B13A5A4DFB2}.Release|Any CPU.Build.0 = Release|Any CPU
		{075D8AF7-34C5-4E78-8D7D-865A895104B7}.Debug|Any CPU.ActiveCfg = Debug|Any CPU
		{075D8AF7-34C5-4E78-8D7D-865A895104B7}.Debug|Any CPU.Build.0 = Debug|Any CPU
		{075D8AF7-34C5-4E78-8D7D-865A895104B7}.Release|Any CPU.ActiveCfg = Release|Any CPU
		{075D8AF7-34C5-4E78-8D7D-865A895104B7}.Release|Any CPU.Build.0 = Release|Any CPU
	EndGlobalSection
	GlobalSection(SolutionProperties) = preSolution
		HideSolutionNode = FALSE
	EndGlobalSection
	GlobalSection(ExtensibilityGlobals) = postSolution
		SolutionGuid = {0AC78EFB-E514-4BE6-BA13-8ADB5D5788AC}
	EndGlobalSection
EndGlobal
